
Microsoft Visual Studio Solution File, Format Version 12.00
# Visual Studio Version 16
VisualStudioVersion = 16.0.30611.23
MinimumVisualStudioVersion = 10.0.40219.1
Project("{9A19103F-16F7-4668-BE54-9A1E7A4F7556}") = "Shkadun_Bomb", "Shkadun_Homeworks\Shkadun_Bomb.csproj", "{9F0557FB-1EB0-46D0-A91F-39B5019A95B7}"
EndProject
Global
	GlobalSection(SolutionConfigurationPlatforms) = preSolution
		Debug|Any CPU = Debug|Any CPU
		Release|Any CPU = Release|Any CPU
	EndGlobalSection
	GlobalSection(ProjectConfigurationPlatforms) = postSolution
		{9F0557FB-1EB0-46D0-A91F-39B5019A95B7}.Debug|Any CPU.ActiveCfg = Debug|Any CPU
		{9F0557FB-1EB0-46D0-A91F-39B5019A95B7}.Debug|Any CPU.Build.0 = Debug|Any CPU
		{9F0557FB-1EB0-46D0-A91F-39B5019A95B7}.Release|Any CPU.ActiveCfg = Release|Any CPU
		{9F0557FB-1EB0-46D0-A91F-39B5019A95B7}.Release|Any CPU.Build.0 = Release|Any CPU
	EndGlobalSection
	GlobalSection(SolutionProperties) = preSolution
		HideSolutionNode = FALSE
	EndGlobalSection
	GlobalSection(ExtensibilityGlobals) = postSolution
		SolutionGuid = {A616F9C0-FD12-47F0-A7F0-BCD58F5B03C2}
	EndGlobalSection
EndGlobal
